
Microsoft Visual Studio Solution File, Format Version 12.00
# Visual Studio Version 17
VisualStudioVersion = 17.1.32421.90
MinimumVisualStudioVersion = 10.0.40219.1
Project("{FAE04EC0-301F-11D3-BF4B-00C04F79EFBC}") = "Vectors_Rooms", "Vectors_Rooms\Vectors_Rooms.csproj", "{B98ECEB7-40E6-4D7E-B283-A5C5E7C22D51}"
EndProject
Global
	GlobalSection(SolutionConfigurationPlatforms) = preSolution
		Debug|Any CPU = Debug|Any CPU
		Release|Any CPU = Release|Any CPU
	EndGlobalSection
	GlobalSection(ProjectConfigurationPlatforms) = postSolution
		{B98ECEB7-40E6-4D7E-B283-A5C5E7C22D51}.Debug|Any CPU.ActiveCfg = Debug|Any CPU
		{B98ECEB7-40E6-4D7E-B283-A5C5E7C22D51}.Debug|Any CPU.Build.0 = Debug|Any CPU
		{B98ECEB7-40E6-4D7E-B283-A5C5E7C22D51}.Release|Any CPU.ActiveCfg = Release|Any CPU
		{B98ECEB7-40E6-4D7E-B283-A5C5E7C22D51}.Release|Any CPU.Build.0 = Release|Any CPU
	EndGlobalSection
	GlobalSection(SolutionProperties) = preSolution
		HideSolutionNode = FALSE
	EndGlobalSection
	GlobalSection(ExtensibilityGlobals) = postSolution
		SolutionGuid = {549946EC-09BB-40D2-9185-6C7CE51FC8F8}
	EndGlobalSection
EndGlobal
