
Microsoft Visual Studio Solution File, Format Version 12.00
# Visual Studio Version 17
VisualStudioVersion = 17.1.32421.90
MinimumVisualStudioVersion = 10.0.40219.1
Project("{FAE04EC0-301F-11D3-BF4B-00C04F79EFBC}") = "Vectors_Height", "Vectors_Height\Vectors_Height.csproj", "{78ECDE36-EA4F-4DF5-B1F9-458A3A008C25}"
EndProject
Global
	GlobalSection(SolutionConfigurationPlatforms) = preSolution
		Debug|Any CPU = Debug|Any CPU
		Release|Any CPU = Release|Any CPU
	EndGlobalSection
	GlobalSection(ProjectConfigurationPlatforms) = postSolution
		{78ECDE36-EA4F-4DF5-B1F9-458A3A008C25}.Debug|Any CPU.ActiveCfg = Debug|Any CPU
		{78ECDE36-EA4F-4DF5-B1F9-458A3A008C25}.Debug|Any CPU.Build.0 = Debug|Any CPU
		{78ECDE36-EA4F-4DF5-B1F9-458A3A008C25}.Release|Any CPU.ActiveCfg = Release|Any CPU
		{78ECDE36-EA4F-4DF5-B1F9-458A3A008C25}.Release|Any CPU.Build.0 = Release|Any CPU
	EndGlobalSection
	GlobalSection(SolutionProperties) = preSolution
		HideSolutionNode = FALSE
	EndGlobalSection
	GlobalSection(ExtensibilityGlobals) = postSolution
		SolutionGuid = {3B3B0169-534C-42E4-9232-10D7C0181BA6}
	EndGlobalSection
EndGlobal
