
Microsoft Visual Studio Solution File, Format Version 12.00
# Visual Studio Version 17
VisualStudioVersion = 17.1.32421.90
MinimumVisualStudioVersion = 10.0.40219.1
Project("{FAE04EC0-301F-11D3-BF4B-00C04F79EFBC}") = "Linq_Exemplo", "Linq_Exemplo\Linq_Exemplo.csproj", "{C92F980E-19D5-4F19-985A-3BEF76B3FA52}"
EndProject
Global
	GlobalSection(SolutionConfigurationPlatforms) = preSolution
		Debug|Any CPU = Debug|Any CPU
		Release|Any CPU = Release|Any CPU
	EndGlobalSection
	GlobalSection(ProjectConfigurationPlatforms) = postSolution
		{C92F980E-19D5-4F19-985A-3BEF76B3FA52}.Debug|Any CPU.ActiveCfg = Debug|Any CPU
		{C92F980E-19D5-4F19-985A-3BEF76B3FA52}.Debug|Any CPU.Build.0 = Debug|Any CPU
		{C92F980E-19D5-4F19-985A-3BEF76B3FA52}.Release|Any CPU.ActiveCfg = Release|Any CPU
		{C92F980E-19D5-4F19-985A-3BEF76B3FA52}.Release|Any CPU.Build.0 = Release|Any CPU
	EndGlobalSection
	GlobalSection(SolutionProperties) = preSolution
		HideSolutionNode = FALSE
	EndGlobalSection
	GlobalSection(ExtensibilityGlobals) = postSolution
		SolutionGuid = {B4A0AC96-8789-41AD-8742-250A2DED3356}
	EndGlobalSection
EndGlobal
